
Microsoft Visual Studio Solution File, Format Version 12.00
# Visual Studio Version 17
VisualStudioVersion = 17.4.33213.308
MinimumVisualStudioVersion = 10.0.40219.1
Project("{9A19103F-16F7-4668-BE54-9A1E7A4F7556}") = "SushiDelivery", "SushiDelivery\SushiDelivery.csproj", "{548491D6-866A-42A9-8A04-CB66C2FEDFC9}"
EndProject
Project("{9A19103F-16F7-4668-BE54-9A1E7A4F7556}") = "SushiDelivery.Domain", "SushiDelivery.Domain\SushiDelivery.Domain.csproj", "{B9629CA8-4892-4009-BF3D-F3F16EE02FC8}"
EndProject
Project("{9A19103F-16F7-4668-BE54-9A1E7A4F7556}") = "SushiDelivery.Domain.Tests", "SushiDelivery.Domain.Tests\SushiDelivery.Domain.Tests.csproj", "{C27D7CC7-9682-40C3-B210-5CD71409BFAB}"
EndProject
Project("{2150E333-8FDC-42A3-9474-1A3956D46DE8}") = "UNIT TESTS", "UNIT TESTS", "{1C63FA3B-578C-4EE2-82CE-511D158C567C}"
EndProject
Project("{2150E333-8FDC-42A3-9474-1A3956D46DE8}") = "Solution Items", "Solution Items", "{7B71089A-7AA7-44F6-8A84-3552E42E3193}"
	ProjectSection(SolutionItems) = preProject
		.editorconfig = .editorconfig
		README.md = README.md
	EndProjectSection
EndProject
Project("{2150E333-8FDC-42A3-9474-1A3956D46DE8}") = "DAL", "DAL", "{BDDA62E8-1D16-4C65-AD4B-CB89AE4D07A7}"
EndProject
Project("{9A19103F-16F7-4668-BE54-9A1E7A4F7556}") = "SushiDelivery.DAL", "DAL\SushiDelivery.DAL\SushiDelivery.DAL.csproj", "{089D2C48-04C3-403A-B9D0-5B0EAD6A3733}"
EndProject
Project("{9A19103F-16F7-4668-BE54-9A1E7A4F7556}") = "SushiDelivery.DAL.Migrations", "DAL\SushiDelivery.DAL.Migrations\SushiDelivery.DAL.Migrations.csproj", "{5AED9F75-EFE6-463E-8CF4-F877065E703A}"
EndProject
Project("{2150E333-8FDC-42A3-9474-1A3956D46DE8}") = "Tests", "Tests", "{BFC2C16A-A7CF-4AC8-B0E2-F205BA6FECAF}"
EndProject
Project("{9A19103F-16F7-4668-BE54-9A1E7A4F7556}") = "SushiDelivery.DAL.Tests", "DAL\SushiDelivery.DAL.Tests\SushiDelivery.DAL.Tests.csproj", "{91EED549-5D19-4476-830D-CFACE22F1E7E}"
EndProject
Project("{9A19103F-16F7-4668-BE54-9A1E7A4F7556}") = "SushiDelivery.DAL.Migrations.IntegrationTests", "DAL\SushiDelivery.DAL.Migrations.IntegrationTests\SushiDelivery.DAL.Migrations.IntegrationTests.csproj", "{0138D31E-C2EB-47AC-A4AC-EA0F2199BF76}"
EndProject
Global
	GlobalSection(SolutionConfigurationPlatforms) = preSolution
		Debug|Any CPU = Debug|Any CPU
		Release|Any CPU = Release|Any CPU
	EndGlobalSection
	GlobalSection(ProjectConfigurationPlatforms) = postSolution
		{548491D6-866A-42A9-8A04-CB66C2FEDFC9}.Debug|Any CPU.ActiveCfg = Debug|Any CPU
		{548491D6-866A-42A9-8A04-CB66C2FEDFC9}.Debug|Any CPU.Build.0 = Debug|Any CPU
		{548491D6-866A-42A9-8A04-CB66C2FEDFC9}.Release|Any CPU.ActiveCfg = Release|Any CPU
		{548491D6-866A-42A9-8A04-CB66C2FEDFC9}.Release|Any CPU.Build.0 = Release|Any CPU
		{B9629CA8-4892-4009-BF3D-F3F16EE02FC8}.Debug|Any CPU.ActiveCfg = Debug|Any CPU
		{B9629CA8-4892-4009-BF3D-F3F16EE02FC8}.Debug|Any CPU.Build.0 = Debug|Any CPU
		{B9629CA8-4892-4009-BF3D-F3F16EE02FC8}.Release|Any CPU.ActiveCfg = Release|Any CPU
		{B9629CA8-4892-4009-BF3D-F3F16EE02FC8}.Release|Any CPU.Build.0 = Release|Any CPU
		{C27D7CC7-9682-40C3-B210-5CD71409BFAB}.Debug|Any CPU.ActiveCfg = Debug|Any CPU
		{C27D7CC7-9682-40C3-B210-5CD71409BFAB}.Debug|Any CPU.Build.0 = Debug|Any CPU
		{C27D7CC7-9682-40C3-B210-5CD71409BFAB}.Release|Any CPU.ActiveCfg = Release|Any CPU
		{C27D7CC7-9682-40C3-B210-5CD71409BFAB}.Release|Any CPU.Build.0 = Release|Any CPU
		{089D2C48-04C3-403A-B9D0-5B0EAD6A3733}.Debug|Any CPU.ActiveCfg = Debug|Any CPU
		{089D2C48-04C3-403A-B9D0-5B0EAD6A3733}.Debug|Any CPU.Build.0 = Debug|Any CPU
		{089D2C48-04C3-403A-B9D0-5B0EAD6A3733}.Release|Any CPU.ActiveCfg = Release|Any CPU
		{089D2C48-04C3-403A-B9D0-5B0EAD6A3733}.Release|Any CPU.Build.0 = Release|Any CPU
		{5AED9F75-EFE6-463E-8CF4-F877065E703A}.Debug|Any CPU.ActiveCfg = Debug|Any CPU
		{5AED9F75-EFE6-463E-8CF4-F877065E703A}.Debug|Any CPU.Build.0 = Debug|Any CPU
		{5AED9F75-EFE6-463E-8CF4-F877065E703A}.Release|Any CPU.ActiveCfg = Release|Any CPU
		{5AED9F75-EFE6-463E-8CF4-F877065E703A}.Release|Any CPU.Build.0 = Release|Any CPU
		{91EED549-5D19-4476-830D-CFACE22F1E7E}.Debug|Any CPU.ActiveCfg = Debug|Any CPU
		{91EED549-5D19-4476-830D-CFACE22F1E7E}.Debug|Any CPU.Build.0 = Debug|Any CPU
		{91EED549-5D19-4476-830D-CFACE22F1E7E}.Release|Any CPU.ActiveCfg = Release|Any CPU
		{91EED549-5D19-4476-830D-CFACE22F1E7E}.Release|Any CPU.Build.0 = Release|Any CPU
		{0138D31E-C2EB-47AC-A4AC-EA0F2199BF76}.Debug|Any CPU.ActiveCfg = Debug|Any CPU
		{0138D31E-C2EB-47AC-A4AC-EA0F2199BF76}.Debug|Any CPU.Build.0 = Debug|Any CPU
		{0138D31E-C2EB-47AC-A4AC-EA0F2199BF76}.Release|Any CPU.ActiveCfg = Release|Any CPU
		{0138D31E-C2EB-47AC-A4AC-EA0F2199BF76}.Release|Any CPU.Build.0 = Release|Any CPU
	EndGlobalSection
	GlobalSection(SolutionProperties) = preSolution
		HideSolutionNode = FALSE
	EndGlobalSection
	GlobalSection(NestedProjects) = preSolution
		{C27D7CC7-9682-40C3-B210-5CD71409BFAB} = {1C63FA3B-578C-4EE2-82CE-511D158C567C}
		{089D2C48-04C3-403A-B9D0-5B0EAD6A3733} = {BDDA62E8-1D16-4C65-AD4B-CB89AE4D07A7}
		{5AED9F75-EFE6-463E-8CF4-F877065E703A} = {BDDA62E8-1D16-4C65-AD4B-CB89AE4D07A7}
		{BFC2C16A-A7CF-4AC8-B0E2-F205BA6FECAF} = {BDDA62E8-1D16-4C65-AD4B-CB89AE4D07A7}
		{91EED549-5D19-4476-830D-CFACE22F1E7E} = {BFC2C16A-A7CF-4AC8-B0E2-F205BA6FECAF}
		{0138D31E-C2EB-47AC-A4AC-EA0F2199BF76} = {BFC2C16A-A7CF-4AC8-B0E2-F205BA6FECAF}
	EndGlobalSection
	GlobalSection(ExtensibilityGlobals) = postSolution
		SolutionGuid = {4B44F59D-6517-4629-AD0C-3E152A9E4A37}
	EndGlobalSection
EndGlobal
